// !$*UTF8*$!
{
	archiveVersion = 1;
	classes = {
	};
	objectVersion = 46;
	objects = {

/* Begin PBXBuildFile section */
		3C31C9981DC38BAF006745B7 /* AppDelegate.swift in Sources */ = {isa = PBXBuildFile; fileRef = 3C31C9971DC38BAF006745B7 /* AppDelegate.swift */; };
		3C31C99A1DC38BAF006745B7 /* ViewController.swift in Sources */ = {isa = PBXBuildFile; fileRef = 3C31C9991DC38BAF006745B7 /* ViewController.swift */; };
		3C31C99D1DC38BAF006745B7 /* Main.storyboard in Resources */ = {isa = PBXBuildFile; fileRef = 3C31C99B1DC38BAF006745B7 /* Main.storyboard */; };
		3C31C99F1DC38BAF006745B7 /* Assets.xcassets in Resources */ = {isa = PBXBuildFile; fileRef = 3C31C99E1DC38BAF006745B7 /* Assets.xcassets */; };
		3C31C9A21DC38BAF006745B7 /* LaunchScreen.storyboard in Resources */ = {isa = PBXBuildFile; fileRef = 3C31C9A01DC38BAF006745B7 /* LaunchScreen.storyboard */; };
		3C31C9AD1DC38BAF006745B7 /* Exercise2Tests.swift in Sources */ = {isa = PBXBuildFile; fileRef = 3C31C9AC1DC38BAF006745B7 /* Exercise2Tests.swift */; };
		3C31C9B81DC38BAF006745B7 /* Exercise2UITests.swift in Sources */ = {isa = PBXBuildFile; fileRef = 3C31C9B71DC38BAF006745B7 /* Exercise2UITests.swift */; };
/* End PBXBuildFile section */

/* Begin PBXContainerItemProxy section */
		3C31C9A91DC38BAF006745B7 /* PBXContainerItemProxy */ = {
			isa = PBXContainerItemProxy;
			containerPortal = 3C31C98C1DC38BAF006745B7 /* Project object */;
			proxyType = 1;
			remoteGlobalIDString = 3C31C9931DC38BAF006745B7;
			remoteInfo = Exercise2;
		};
		3C31C9B41DC38BAF006745B7 /* PBXContainerItemProxy */ = {
			isa = PBXContainerItemProxy;
			containerPortal = 3C31C98C1DC38BAF006745B7 /* Project object */;
			proxyType = 1;
			remoteGlobalIDString = 3C31C9931DC38BAF006745B7;
			remoteInfo = Exercise2;
		};
/* End PBXContainerItemProxy section */

/* Begin PBXFileReference section */
		3C31C9941DC38BAF006745B7 /* Exercise2.app */ = {isa = PBXFileReference; explicitFileType = wrapper.application; includeInIndex = 0; path = Exercise2.app; sourceTree = BUILT_PRODUCTS_DIR; };
		3C31C9971DC38BAF006745B7 /* AppDelegate.swift */ = {isa = PBXFileReference; lastKnownFileType = sourcecode.swift; path = AppDelegate.swift; sourceTree = "<group>"; };
		3C31C9991DC38BAF006745B7 /* ViewController.swift */ = {isa = PBXFileReference; lastKnownFileType = sourcecode.swift; path = ViewController.swift; sourceTree = "<group>"; };
		3C31C99C1DC38BAF006745B7 /* Base */ = {isa = PBXFileReference; lastKnownFileType = file.storyboard; name = Base; path = Base.lproj/Main.storyboard; sourceTree = "<group>"; };
		3C31C99E1DC38BAF006745B7 /* Assets.xcassets */ = {isa = PBXFileReference; lastKnownFileType = folder.assetcatalog; path = Assets.xcassets; sourceTree = "<group>"; };
		3C31C9A11DC38BAF006745B7 /* Base */ = {isa = PBXFileReference; lastKnownFileType = file.storyboard; name = Base; path = Base.lproj/LaunchScreen.storyboard; sourceTree = "<group>"; };
		3C31C9A31DC38BAF006745B7 /* Info.plist */ = {isa = PBXFileReference; lastKnownFileType = text.plist.xml; path = Info.plist; sourceTree = "<group>"; };
		3C31C9A81DC38BAF006745B7 /* Exercise2Tests.xctest */ = {isa = PBXFileReference; explicitFileType = wrapper.cfbundle; includeInIndex = 0; path = Exercise2Tests.xctest; sourceTree = BUILT_PRODUCTS_DIR; };
		3C31C9AC1DC38BAF006745B7 /* Exercise2Tests.swift */ = {isa = PBXFileReference; lastKnownFileType = sourcecode.swift; path = Exercise2Tests.swift; sourceTree = "<group>"; };
		3C31C9AE1DC38BAF006745B7 /* Info.plist */ = {isa = PBXFileReference; lastKnownFileType = text.plist.xml; path = Info.plist; sourceTree = "<group>"; };
		3C31C9B31DC38BAF006745B7 /* Exercise2UITests.xctest */ = {isa = PBXFileReference; explicitFileType = wrapper.cfbundle; includeInIndex = 0; path = Exercise2UITests.xctest; sourceTree = BUILT_PRODUCTS_DIR; };
		3C31C9B71DC38BAF006745B7 /* Exercise2UITests.swift */ = {isa = PBXFileReference; lastKnownFileType = sourcecode.swift; path = Exercise2UITests.swift; sourceTree = "<group>"; };
		3C31C9B91DC38BAF006745B7 /* Info.plist */ = {isa = PBXFileReference; lastKnownFileType = text.plist.xml; path = Info.plist; sourceTree = "<group>"; };
/* End PBXFileReference section */

/* Begin PBXFrameworksBuildPhase section */
		3C31C9911DC38BAF006745B7 /* Frameworks */ = {
			isa = PBXFrameworksBuildPhase;
			buildActionMask = 2147483647;
			files = (
			);
			runOnlyForDeploymentPostprocessing = 0;
		};
		3C31C9A51DC38BAF006745B7 /* Frameworks */ = {
			isa = PBXFrameworksBuildPhase;
			buildActionMask = 2147483647;
			files = (
			);
			runOnlyForDeploymentPostprocessing = 0;
		};
		3C31C9B01DC38BAF006745B7 /* Frameworks */ = {
			isa = PBXFrameworksBuildPhase;
			buildActionMask = 2147483647;
			files = (
			);
			runOnlyForDeploymentPostprocessing = 0;
		};
/* End PBXFrameworksBuildPhase section */

/* Begin PBXGroup section */
		3C31C98B1DC38BAF006745B7 = {
			isa = PBXGroup;
			children = (
				3C31C9961DC38BAF006745B7 /* Exercise2 */,
				3C31C9AB1DC38BAF006745B7 /* Exercise2Tests */,
				3C31C9B61DC38BAF006745B7 /* Exercise2UITests */,
				3C31C9951DC38BAF006745B7 /* Products */,
			);
			sourceTree = "<group>";
		};
		3C31C9951DC38BAF006745B7 /* Products */ = {
			isa = PBXGroup;
			children = (
				3C31C9941DC38BAF006745B7 /* Exercise2.app */,
				3C31C9A81DC38BAF006745B7 /* Exercise2Tests.xctest */,
				3C31C9B31DC38BAF006745B7 /* Exercise2UITests.xctest */,
			);
			name = Products;
			sourceTree = "<group>";
		};
		3C31C9961DC38BAF006745B7 /* Exercise2 */ = {
			isa = PBXGroup;
			children = (
				3C31C9971DC38BAF006745B7 /* AppDelegate.swift */,
				3C31C9991DC38BAF006745B7 /* ViewController.swift */,
				3C31C99B1DC38BAF006745B7 /* Main.storyboard */,
				3C31C99E1DC38BAF006745B7 /* Assets.xcassets */,
				3C31C9A01DC38BAF006745B7 /* LaunchScreen.storyboard */,
				3C31C9A31DC38BAF006745B7 /* Info.plist */,
			);
			path = Exercise2;
			sourceTree = "<group>";
		};
		3C31C9AB1DC38BAF006745B7 /* Exercise2Tests */ = {
			isa = PBXGroup;
			children = (
				3C31C9AC1DC38BAF006745B7 /* Exercise2Tests.swift */,
				3C31C9AE1DC38BAF006745B7 /* Info.plist */,
			);
			path = Exercise2Tests;
			sourceTree = "<group>";
		};
		3C31C9B61DC38BAF006745B7 /* Exercise2UITests */ = {
			isa = PBXGroup;
			children = (
				3C31C9B71DC38BAF006745B7 /* Exercise2UITests.swift */,
				3C31C9B91DC38BAF006745B7 /* Info.plist */,
			);
			path = Exercise2UITests;
			sourceTree = "<group>";
		};
/* End PBXGroup section */

/* Begin PBXNativeTarget section */
		3C31C9931DC38BAF006745B7 /* Exercise2 */ = {
			isa = PBXNativeTarget;
			buildConfigurationList = 3C31C9BC1DC38BAF006745B7 /* Build configuration list for PBXNativeTarget "Exercise2" */;
			buildPhases = (
				3C31C9901DC38BAF006745B7 /* Sources */,
				3C31C9911DC38BAF006745B7 /* Frameworks */,
				3C31C9921DC38BAF006745B7 /* Resources */,
			);
			buildRules = (
			);
			dependencies = (
			);
			name = Exercise2;
			productName = Exercise2;
			productReference = 3C31C9941DC38BAF006745B7 /* Exercise2.app */;
			productType = "com.apple.product-type.application";
		};
		3C31C9A71DC38BAF006745B7 /* Exercise2Tests */ = {
			isa = PBXNativeTarget;
			buildConfigurationList = 3C31C9BF1DC38BAF006745B7 /* Build configuration list for PBXNativeTarget "Exercise2Tests" */;
			buildPhases = (
				3C31C9A41DC38BAF006745B7 /* Sources */,
				3C31C9A51DC38BAF006745B7 /* Frameworks */,
				3C31C9A61DC38BAF006745B7 /* Resources */,
			);
			buildRules = (
			);
			dependencies = (
				3C31C9AA1DC38BAF006745B7 /* PBXTargetDependency */,
			);
			name = Exercise2Tests;
			productName = Exercise2Tests;
			productReference = 3C31C9A81DC38BAF006745B7 /* Exercise2Tests.xctest */;
			productType = "com.apple.product-type.bundle.unit-test";
		};
		3C31C9B21DC38BAF006745B7 /* Exercise2UITests */ = {
			isa = PBXNativeTarget;
			buildConfigurationList = 3C31C9C21DC38BAF006745B7 /* Build configuration list for PBXNativeTarget "Exercise2UITests" */;
			buildPhases = (
				3C31C9AF1DC38BAF006745B7 /* Sources */,
				3C31C9B01DC38BAF006745B7 /* Frameworks */,
				3C31C9B11DC38BAF006745B7 /* Resources */,
			);
			buildRules = (
			);
			dependencies = (
				3C31C9B51DC38BAF006745B7 /* PBXTargetDependency */,
			);
			name = Exercise2UITests;
			productName = Exercise2UITests;
			productReference = 3C31C9B31DC38BAF006745B7 /* Exercise2UITests.xctest */;
			productType = "com.apple.product-type.bundle.ui-testing";
		};
/* End PBXNativeTarget section */

/* Begin PBXProject section */
		3C31C98C1DC38BAF006745B7 /* Project object */ = {
			isa = PBXProject;
			attributes = {
				LastSwiftUpdateCheck = 0800;
				LastUpgradeCheck = 0810;
				ORGANIZATIONNAME = "Anita Ilieva";
				TargetAttributes = {
					3C31C9931DC38BAF006745B7 = {
						CreatedOnToolsVersion = 8.0;
						ProvisioningStyle = Automatic;
					};
					3C31C9A71DC38BAF006745B7 = {
						CreatedOnToolsVersion = 8.0;
						ProvisioningStyle = Automatic;
						TestTargetID = 3C31C9931DC38BAF006745B7;
					};
					3C31C9B21DC38BAF006745B7 = {
						CreatedOnToolsVersion = 8.0;
						ProvisioningStyle = Automatic;
						TestTargetID = 3C31C9931DC38BAF006745B7;
					};
				};
			};
			buildConfigurationList = 3C31C98F1DC38BAF006745B7 /* Build configuration list for PBXProject "Exercise2" */;
			compatibilityVersion = "Xcode 3.2";
			developmentRegion = English;
			hasScannedForEncodings = 0;
			knownRegions = (
				en,
				Base,
			);
			mainGroup = 3C31C98B1DC38BAF006745B7;
			productRefGroup = 3C31C9951DC38BAF006745B7 /* Products */;
			projectDirPath = "";
			projectRoot = "";
			targets = (
				3C31C9931DC38BAF006745B7 /* Exercise2 */,
				3C31C9A71DC38BAF006745B7 /* Exercise2Tests */,
				3C31C9B21DC38BAF006745B7 /* Exercise2UITests */,
			);
		};
/* End PBXProject section */

/* Begin PBXResourcesBuildPhase section */
		3C31C9921DC38BAF006745B7 /* Resources */ = {
			isa = PBXResourcesBuildPhase;
			buildActionMask = 2147483647;
			files = (
				3C31C9A21DC38BAF006745B7 /* LaunchScreen.storyboard in Resources */,
				3C31C99F1DC38BAF006745B7 /* Assets.xcassets in Resources */,
				3C31C99D1DC38BAF006745B7 /* Main.storyboard in Resources */,
			);
			runOnlyForDeploymentPostprocessing = 0;
		};
		3C31C9A61DC38BAF006745B7 /* Resources */ = {
			isa = PBXResourcesBuildPhase;
			buildActionMask = 2147483647;
			files = (
			);
			runOnlyForDeploymentPostprocessing = 0;
		};
		3C31C9B11DC38BAF006745B7 /* Resources */ = {
			isa = PBXResourcesBuildPhase;
			buildActionMask = 2147483647;
			files = (
			);
			runOnlyForDeploymentPostprocessing = 0;
		};
/* End PBXResourcesBuildPhase section */

/* Begin PBXSourcesBuildPhase section */
		3C31C9901DC38BAF006745B7 /* Sources */ = {
			isa = PBXSourcesBuildPhase;
			buildActionMask = 2147483647;
			files = (
				3C31C99A1DC38BAF006745B7 /* ViewController.swift in Sources */,
				3C31C9981DC38BAF006745B7 /* AppDelegate.swift in Sources */,
			);
			runOnlyForDeploymentPostprocessing = 0;
		};
		3C31C9A41DC38BAF006745B7 /* Sources */ = {
			isa = PBXSourcesBuildPhase;
			buildActionMask = 2147483647;
			files = (
				3C31C9AD1DC38BAF006745B7 /* Exercise2Tests.swift in Sources */,
			);
			runOnlyForDeploymentPostprocessing = 0;
		};
		3C31C9AF1DC38BAF006745B7 /* Sources */ = {
			isa = PBXSourcesBuildPhase;
			buildActionMask = 2147483647;
			files = (
				3C31C9B81DC38BAF006745B7 /* Exercise2UITests.swift in Sources */,
			);
			runOnlyForDeploymentPostprocessing = 0;
		};
/* End PBXSourcesBuildPhase section */

/* Begin PBXTargetDependency section */
		3C31C9AA1DC38BAF006745B7 /* PBXTargetDependency */ = {
			isa = PBXTargetDependency;
			target = 3C31C9931DC38BAF006745B7 /* Exercise2 */;
			targetProxy = 3C31C9A91DC38BAF006745B7 /* PBXContainerItemProxy */;
		};
		3C31C9B51DC38BAF006745B7 /* PBXTargetDependency */ = {
			isa = PBXTargetDependency;
			target = 3C31C9931DC38BAF006745B7 /* Exercise2 */;
			targetProxy = 3C31C9B41DC38BAF006745B7 /* PBXContainerItemProxy */;
		};
/* End PBXTargetDependency section */

/* Begin PBXVariantGroup section */
		3C31C99B1DC38BAF006745B7 /* Main.storyboard */ = {
			isa = PBXVariantGroup;
			children = (
				3C31C99C1DC38BAF006745B7 /* Base */,
			);
			name = Main.storyboard;
			sourceTree = "<group>";
		};
		3C31C9A01DC38BAF006745B7 /* LaunchScreen.storyboard */ = {
			isa = PBXVariantGroup;
			children = (
				3C31C9A11DC38BAF006745B7 /* Base */,
			);
			name = LaunchScreen.storyboard;
			sourceTree = "<group>";
		};
/* End PBXVariantGroup section */

/* Begin XCBuildConfiguration section */
		3C31C9BA1DC38BAF006745B7 /* Debug */ = {
			isa = XCBuildConfiguration;
			buildSettings = {
				ALWAYS_SEARCH_USER_PATHS = NO;
				CLANG_ANALYZER_NONNULL = YES;
				CLANG_CXX_LANGUAGE_STANDARD = "gnu++0x";
				CLANG_CXX_LIBRARY = "libc++";
				CLANG_ENABLE_MODULES = YES;
				CLANG_ENABLE_OBJC_ARC = YES;
				CLANG_WARN_BOOL_CONVERSION = YES;
				CLANG_WARN_CONSTANT_CONVERSION = YES;
				CLANG_WARN_DIRECT_OBJC_ISA_USAGE = YES_ERROR;
				CLANG_WARN_DOCUMENTATION_COMMENTS = YES;
				CLANG_WARN_EMPTY_BODY = YES;
				CLANG_WARN_ENUM_CONVERSION = YES;
				CLANG_WARN_INFINITE_RECURSION = YES;
				CLANG_WARN_INT_CONVERSION = YES;
				CLANG_WARN_OBJC_ROOT_CLASS = YES_ERROR;
				CLANG_WARN_SUSPICIOUS_MOVE = YES;
				CLANG_WARN_SUSPICIOUS_MOVES = YES;
				CLANG_WARN_UNREACHABLE_CODE = YES;
				CLANG_WARN__DUPLICATE_METHOD_MATCH = YES;
				"CODE_SIGN_IDENTITY[sdk=iphoneos*]" = "iPhone Developer";
				COPY_PHASE_STRIP = NO;
				DEBUG_INFORMATION_FORMAT = dwarf;
				ENABLE_STRICT_OBJC_MSGSEND = YES;
				ENABLE_TESTABILITY = YES;
				GCC_C_LANGUAGE_STANDARD = gnu99;
				GCC_DYNAMIC_NO_PIC = NO;
				GCC_NO_COMMON_BLOCKS = YES;
				GCC_OPTIMIZATION_LEVEL = 0;
				GCC_PREPROCESSOR_DEFINITIONS = (
					"DEBUG=1",
					"$(inherited)",
				);
				GCC_WARN_64_TO_32_BIT_CONVERSION = YES;
				GCC_WARN_ABOUT_RETURN_TYPE = YES_ERROR;
				GCC_WARN_UNDECLARED_SELECTOR = YES;
				GCC_WARN_UNINITIALIZED_AUTOS = YES_AGGRESSIVE;
				GCC_WARN_UNUSED_FUNCTION = YES;
				GCC_WARN_UNUSED_VARIABLE = YES;
				IPHONEOS_DEPLOYMENT_TARGET = 10.0;
				MTL_ENABLE_DEBUG_INFO = YES;
				ONLY_ACTIVE_ARCH = YES;
				SDKROOT = iphoneos;
				SWIFT_ACTIVE_COMPILATION_CONDITIONS = DEBUG;
				SWIFT_OPTIMIZATION_LEVEL = "-Onone";
			};
			name = Debug;
		};
		3C31C9BB1DC38BAF006745B7 /* Release */ = {
			isa = XCBuildConfiguration;
			buildSettings = {
				ALWAYS_SEARCH_USER_PATHS = NO;
				CLANG_ANALYZER_NONNULL = YES;
				CLANG_CXX_LANGUAGE_STANDARD = "gnu++0x";
				CLANG_CXX_LIBRARY = "libc++";
				CLANG_ENABLE_MODULES = YES;
				CLANG_ENABLE_OBJC_ARC = YES;
				CLANG_WARN_BOOL_CONVERSION = YES;
				CLANG_WARN_CONSTANT_CONVERSION = YES;
				CLANG_WARN_DIRECT_OBJC_ISA_USAGE = YES_ERROR;
				CLANG_WARN_DOCUMENTATION_COMMENTS = YES;
				CLANG_WARN_EMPTY_BODY = YES;
				CLANG_WARN_ENUM_CONVERSION = YES;
				CLANG_WARN_INFINITE_RECURSION = YES;
				CLANG_WARN_INT_CONVERSION = YES;
				CLANG_WARN_OBJC_ROOT_CLASS = YES_ERROR;
				CLANG_WARN_SUSPICIOUS_MOVE = YES;
				CLANG_WARN_SUSPICIOUS_MOVES = YES;
				CLANG_WARN_UNREACHABLE_CODE = YES;
				CLANG_WARN__DUPLICATE_METHOD_MATCH = YES;
				"CODE_SIGN_IDENTITY[sdk=iphoneos*]" = "iPhone Developer";
				COPY_PHASE_STRIP = NO;
				DEBUG_INFORMATION_FORMAT = "dwarf-with-dsym";
				ENABLE_NS_ASSERTIONS = NO;
				ENABLE_STRICT_OBJC_MSGSEND = YES;
				GCC_C_LANGUAGE_STANDARD = gnu99;
				GCC_NO_COMMON_BLOCKS = YES;
				GCC_WARN_64_TO_32_BIT_CONVERSION = YES;
				GCC_WARN_ABOUT_RETURN_TYPE = YES_ERROR;
				GCC_WARN_UNDECLARED_SELECTOR = YES;
				GCC_WARN_UNINITIALIZED_AUTOS = YES_AGGRESSIVE;
				GCC_WARN_UNUSED_FUNCTION = YES;
				GCC_WARN_UNUSED_VARIABLE = YES;
				IPHONEOS_DEPLOYMENT_TARGET = 10.0;
				MTL_ENABLE_DEBUG_INFO = NO;
				SDKROOT = iphoneos;
				SWIFT_OPTIMIZATION_LEVEL = "-Owholemodule";
				VALIDATE_PRODUCT = YES;
			};
			name = Release;
		};
		3C31C9BD1DC38BAF006745B7 /* Debug */ = {
			isa = XCBuildConfiguration;
			buildSettings = {
				ASSETCATALOG_COMPILER_APPICON_NAME = AppIcon;
				INFOPLIST_FILE = Exercise2/Info.plist;
				LD_RUNPATH_SEARCH_PATHS = "$(inherited) @executable_path/Frameworks";
				PRODUCT_BUNDLE_IDENTIFIER = anitailieva.Exercise2;
				PRODUCT_NAME = "$(TARGET_NAME)";
				SWIFT_VERSION = 3.0;
			};
			name = Debug;
		};
		3C31C9BE1DC38BAF006745B7 /* Release */ = {
			isa = XCBuildConfiguration;
			buildSettings = {
				ASSETCATALOG_COMPILER_APPICON_NAME = AppIcon;
				INFOPLIST_FILE = Exercise2/Info.plist;
				LD_RUNPATH_SEARCH_PATHS = "$(inherited) @executable_path/Frameworks";
				PRODUCT_BUNDLE_IDENTIFIER = anitailieva.Exercise2;
				PRODUCT_NAME = "$(TARGET_NAME)";
				SWIFT_VERSION = 3.0;
			};
			name = Release;
		};
		3C31C9C01DC38BAF006745B7 /* Debug */ = {
			isa = XCBuildConfiguration;
			buildSettings = {
				ALWAYS_EMBED_SWIFT_STANDARD_LIBRARIES = YES;
				BUNDLE_LOADER = "$(TEST_HOST)";
				INFOPLIST_FILE = Exercise2Tests/Info.plist;
				LD_RUNPATH_SEARCH_PATHS = "$(inherited) @executable_path/Frameworks @loader_path/Frameworks";
				PRODUCT_BUNDLE_IDENTIFIER = anitailieva.Exercise2Tests;
				PRODUCT_NAME = "$(TARGET_NAME)";
				SWIFT_VERSION = 3.0;
				TEST_HOST = "$(BUILT_PRODUCTS_DIR)/Exercise2.app/Exercise2";
			};
			name = Debug;
		};
		3C31C9C11DC38BAF006745B7 /* Release */ = {
			isa = XCBuildConfiguration;
			buildSettings = {
				ALWAYS_EMBED_SWIFT_STANDARD_LIBRARIES = YES;
				BUNDLE_LOADER = "$(TEST_HOST)";
				INFOPLIST_FILE = Exercise2Tests/Info.plist;
				LD_RUNPATH_SEARCH_PATHS = "$(inherited) @executable_path/Frameworks @loader_path/Frameworks";
				PRODUCT_BUNDLE_IDENTIFIER = anitailieva.Exercise2Tests;
				PRODUCT_NAME = "$(TARGET_NAME)";
				SWIFT_VERSION = 3.0;
				TEST_HOST = "$(BUILT_PRODUCTS_DIR)/Exercise2.app/Exercise2";
			};
			name = Release;
		};
		3C31C9C31DC38BAF006745B7 /* Debug */ = {
			isa = XCBuildConfiguration;
			buildSettings = {
				ALWAYS_EMBED_SWIFT_STANDARD_LIBRARIES = YES;
				INFOPLIST_FILE = Exercise2UITests/Info.plist;
				LD_RUNPATH_SEARCH_PATHS = "$(inherited) @executable_path/Frameworks @loader_path/Frameworks";
				PRODUCT_BUNDLE_IDENTIFIER = anitailieva.Exercise2UITests;
				PRODUCT_NAME = "$(TARGET_NAME)";
				SWIFT_VERSION = 3.0;
				TEST_TARGET_NAME = Exercise2;
			};
			name = Debug;
		};
		3C31C9C41DC38BAF006745B7 /* Release */ = {
			isa = XCBuildConfiguration;
			buildSettings = {
				ALWAYS_EMBED_SWIFT_STANDARD_LIBRARIES = YES;
				INFOPLIST_FILE = Exercise2UITests/Info.plist;
				LD_RUNPATH_SEARCH_PATHS = "$(inherited) @executable_path/Frameworks @loader_path/Frameworks";
				PRODUCT_BUNDLE_IDENTIFIER = anitailieva.Exercise2UITests;
				PRODUCT_NAME = "$(TARGET_NAME)";
				SWIFT_VERSION = 3.0;
				TEST_TARGET_NAME = Exercise2;
			};
			name = Release;
		};
/* End XCBuildConfiguration section */

/* Begin XCConfigurationList section */
		3C31C98F1DC38BAF006745B7 /* Build configuration list for PBXProject "Exercise2" */ = {
			isa = XCConfigurationList;
			buildConfigurations = (
				3C31C9BA1DC38BAF006745B7 /* Debug */,
				3C31C9BB1DC38BAF006745B7 /* Release */,
			);
			defaultConfigurationIsVisible = 0;
			defaultConfigurationName = Release;
		};
		3C31C9BC1DC38BAF006745B7 /* Build configuration list for PBXNativeTarget "Exercise2" */ = {
			isa = XCConfigurationList;
			buildConfigurations = (
				3C31C9BD1DC38BAF006745B7 /* Debug */,
				3C31C9BE1DC38BAF006745B7 /* Release */,
			);
			defaultConfigurationIsVisible = 0;
			defaultConfigurationName = Release;
		};
		3C31C9BF1DC38BAF006745B7 /* Build configuration list for PBXNativeTarget "Exercise2Tests" */ = {
			isa = XCConfigurationList;
			buildConfigurations = (
				3C31C9C01DC38BAF006745B7 /* Debug */,
				3C31C9C11DC38BAF006745B7 /* Release */,
			);
			defaultConfigurationIsVisible = 0;
			defaultConfigurationName = Release;
		};
		3C31C9C21DC38BAF006745B7 /* Build configuration list for PBXNativeTarget "Exercise2UITests" */ = {
			isa = XCConfigurationList;
			buildConfigurations = (
				3C31C9C31DC38BAF006745B7 /* Debug */,
				3C31C9C41DC38BAF006745B7 /* Release */,
			);
			defaultConfigurationIsVisible = 0;
			defaultConfigurationName = Release;
		};
/* End XCConfigurationList section */
	};
	rootObject = 3C31C98C1DC38BAF006745B7 /* Project object */;
}
